
Microsoft Visual Studio Solution File, Format Version 12.00
# Visual Studio 15
VisualStudioVersion = 15.0.27703.2018
MinimumVisualStudioVersion = 10.0.40219.1
Project("{FAE04EC0-301F-11D3-BF4B-00C04F79EFBC}") = "p6", "p6.csproj", "{FBFB3385-780C-4EC5-87C9-671457A4B11E}"
EndProject
Global
	GlobalSection(SolutionConfigurationPlatforms) = preSolution
		Debug|Any CPU = Debug|Any CPU
		Release|Any CPU = Release|Any CPU
	EndGlobalSection
	GlobalSection(ProjectConfigurationPlatforms) = postSolution
		{FBFB3385-780C-4EC5-87C9-671457A4B11E}.Debug|Any CPU.ActiveCfg = Debug|Any CPU
		{FBFB3385-780C-4EC5-87C9-671457A4B11E}.Debug|Any CPU.Build.0 = Debug|Any CPU
		{FBFB3385-780C-4EC5-87C9-671457A4B11E}.Release|Any CPU.ActiveCfg = Release|Any CPU
		{FBFB3385-780C-4EC5-87C9-671457A4B11E}.Release|Any CPU.Build.0 = Release|Any CPU
	EndGlobalSection
	GlobalSection(SolutionProperties) = preSolution
		HideSolutionNode = FALSE
	EndGlobalSection
	GlobalSection(ExtensibilityGlobals) = postSolution
		SolutionGuid = {A981CC5C-D154-4F5A-980C-C35C68E555A2}
	EndGlobalSection
EndGlobal
